{
    "name": "@skoruba/duende.identityserver.admin.api.client",
    "version": "2.0.0",
    "lockfileVersion": 3,
    "requires": true,
    "packages": {
        "": {
            "name": "@skoruba/duende.identityserver.admin.api.client",
            "version": "2.0.0",
            "license": "Apache-2.0",
            "dependencies": {
                "dayjs": "1.11.11",
                "typescript": "5.1.6"
            },
            "devDependencies": {
                "@tsconfig/recommended": "1.0.2",
                "@types/node": "20.4.4"
            }
        },
        "node_modules/@tsconfig/recommended": {
            "version": "1.0.2",
            "resolved": "https://registry.npmjs.org/@tsconfig/recommended/-/recommended-1.0.2.tgz",
            "integrity": "sha512-dbHBtbWBOjq0/otpopAE02NT2Cm05Qe2JsEKeCf/wjSYbI2hz8nCqnpnOJWHATgjDz4fd3dchs3Wy1gQGjfN6w==",
            "dev": true
        },
        "node_modules/@types/node": {
            "version": "20.4.4",
            "resolved": "https://registry.npmjs.org/@types/node/-/node-20.4.4.tgz",
            "integrity": "sha512-CukZhumInROvLq3+b5gLev+vgpsIqC2D0deQr/yS1WnxvmYLlJXZpaQrQiseMY+6xusl79E04UjWoqyr+t1/Ew==",
            "dev": true
        },
        "node_modules/dayjs": {
            "version": "1.11.11",
            "resolved": "https://registry.npmjs.org/dayjs/-/dayjs-1.11.11.tgz",
            "integrity": "sha512-okzr3f11N6WuqYtZSvm+F776mB41wRZMhKP+hc34YdW+KmtYYK9iqvHSwo2k9FEH3fhGXvOPV6yz2IcSrfRUDg=="
        },
        "node_modules/typescript": {
            "version": "5.1.6",
            "resolved": "https://registry.npmjs.org/typescript/-/typescript-5.1.6.tgz",
            "integrity": "sha512-zaWCozRZ6DLEWAWFrVDz1H6FVXzUSfTy5FUMWsQlU8Ym5JP9eO4xkTIROFCQvhQf61z6O/G6ugw3SgAnvvm+HA==",
            "bin": {
                "tsc": "bin/tsc",
                "tsserver": "bin/tsserver"
            },
            "engines": {
                "node": ">=14.17"
            }
        }
    }
}
